{
  "object": {
    "pins": [
      {
        "package": "Cryptor",
        "repositoryURL": "https://github.com/IBM-Swift/BlueCryptor.git",
        "state": {
          "branch": null,
          "revision": "4b10b2c97cb55d1f90b9f3a027419e71c3cef79b",
          "version": "1.0.8"
        }
      },
      {
        "package": "Socket",
        "repositoryURL": "https://github.com/IBM-Swift/BlueSocket.git",
        "state": {
          "branch": null,
          "revision": "85cfafa00baa149aa8b4ca1c57459d03d94940a9",
          "version": "1.0.12"
        }
      },
      {
        "package": "SSLService",
        "repositoryURL": "https://github.com/IBM-Swift/BlueSSLService.git",
        "state": {
          "branch": null,
          "revision": "cfb35c421338d696ebfa600690073eeaf00e54ce",
          "version": "1.0.12"
        }
      },
      {
        "package": "CCurl",
        "repositoryURL": "https://github.com/IBM-Swift/CCurl.git",
        "state": {
          "branch": null,
          "revision": "2a431e3a5fb8d004aa7d4d1bebb5d511f568c43e",
          "version": "1.0.0"
        }
      },
      {
        "package": "CircuitBreaker",
        "repositoryURL": "https://github.com/IBM-Swift/CircuitBreaker.git",
        "state": {
          "branch": null,
          "revision": "81581e3fb094ab4879aa2c5ce54201f1dbce0a7f",
          "version": "5.0.1"
        }
      },
      {
        "package": "CommonCrypto",
        "repositoryURL": "https://github.com/IBM-Swift/CommonCrypto.git",
        "state": {
          "branch": null,
          "revision": "9156d238dbc4c15455b77b45e721b2bb0b995e31",
          "version": "1.0.0"
        }
      },
      {
        "package": "Kitura",
        "repositoryURL": "https://github.com/IBM-Swift/Kitura",
        "state": {
          "branch": null,
          "revision": "daa071669590584b6d9c277a2e3c465a904cd0d7",
          "version": "2.4.1"
        }
      },
      {
        "package": "Kitura-net",
        "repositoryURL": "https://github.com/IBM-Swift/Kitura-net.git",
        "state": {
          "branch": null,
          "revision": "4023a2ea525e0c46d9ea793770d83f75df8a1707",
          "version": "2.1.1"
        }
      },
      {
        "package": "Kitura-TemplateEngine",
        "repositoryURL": "https://github.com/IBM-Swift/Kitura-TemplateEngine.git",
        "state": {
          "branch": null,
          "revision": "b030d2d176719acc6a902c40db1b87dc6a83e2fc",
          "version": "2.0.0"
        }
      },
      {
        "package": "KituraContracts",
        "repositoryURL": "https://github.com/IBM-Swift/KituraContracts.git",
        "state": {
          "branch": null,
          "revision": "83e5cb37871dce2b1e4ca61821c20b2c654c0c1c",
          "version": "1.0.2"
        }
      },
      {
        "package": "LoggerAPI",
        "repositoryURL": "https://github.com/IBM-Swift/LoggerAPI.git",
        "state": {
          "branch": null,
          "revision": "5041f2673aa75d6e973d9b6bd3956bc5068387c8",
          "version": "1.7.3"
        }
      },
      {
        "package": "OpenSSL",
        "repositoryURL": "https://github.com/IBM-Swift/OpenSSL",
        "state": {
          "branch": null,
          "revision": "ba74a683141fde66d4bf88358b6a678d7e5a27ce",
          "version": "1.0.1"
        }
      },
      {
        "package": "SwiftyRequest",
        "repositoryURL": "https://github.com/IBM-Swift/SwiftyRequest.git",
        "state": {
          "branch": null,
          "revision": "82d49d1bde19c4acfc63c276b67c8a25ac434e52",
          "version": "1.1.2"
        }
      },
      {
        "package": "TypeDecoder",
        "repositoryURL": "https://github.com/IBM-Swift/TypeDecoder.git",
        "state": {
          "branch": null,
          "revision": "aaf636e64089baf6a710ff5e7dd5f4c8798ff940",
          "version": "1.1.0"
        }
      }
    ]
  },
  "version": 1
}
